
Microsoft Visual Studio Solution File, Format Version 12.00
# Visual Studio 15
VisualStudioVersion = 15.0.26403.3
MinimumVisualStudioVersion = 10.0.40219.1
Project("{FAE04EC0-301F-11D3-BF4B-00C04F79EFBC}") = "CustomRenderers.Android", "CustomRenderers\CustomRenderers.Android\CustomRenderers.Android.csproj", "{1D336F28-CACC-4A80-9E1D-4877690CF05F}"
EndProject
Project("{FAE04EC0-301F-11D3-BF4B-00C04F79EFBC}") = "CustomRenderers", "CustomRenderers\CustomRenderers\CustomRenderers.csproj", "{4585ED3F-11B7-454C-8CDB-52B30CC4C6DD}"
EndProject
Project("{FAE04EC0-301F-11D3-BF4B-00C04F79EFBC}") = "CustomRenderers.UWP", "CustomRenderers\CustomRenderers.UWP\CustomRenderers.UWP.csproj", "{0B80030A-FAFE-4938-80F5-F0475A65ABBC}"
EndProject
Project("{FAE04EC0-301F-11D3-BF4B-00C04F79EFBC}") = "CustomRenderers.iOS", "CustomRenderers\CustomRenderers.iOS\CustomRenderers.iOS.csproj", "{50202C05-1561-4C28-BEB9-6C4A09D48397}"
EndProject
Global
	GlobalSection(SolutionConfigurationPlatforms) = preSolution
		Ad-Hoc|Any CPU = Ad-Hoc|Any CPU
		Ad-Hoc|ARM = Ad-Hoc|ARM
		Ad-Hoc|iPhone = Ad-Hoc|iPhone
		Ad-Hoc|iPhoneSimulator = Ad-Hoc|iPhoneSimulator
		Ad-Hoc|x64 = Ad-Hoc|x64
		Ad-Hoc|x86 = Ad-Hoc|x86
		AppStore|Any CPU = AppStore|Any CPU
		AppStore|ARM = AppStore|ARM
		AppStore|iPhone = AppStore|iPhone
		AppStore|iPhoneSimulator = AppStore|iPhoneSimulator
		AppStore|x64 = AppStore|x64
		AppStore|x86 = AppStore|x86
		Debug|Any CPU = Debug|Any CPU
		Debug|ARM = Debug|ARM
		Debug|iPhone = Debug|iPhone
		Debug|iPhoneSimulator = Debug|iPhoneSimulator
		Debug|x64 = Debug|x64
		Debug|x86 = Debug|x86
		Release|Any CPU = Release|Any CPU
		Release|ARM = Release|ARM
		Release|iPhone = Release|iPhone
		Release|iPhoneSimulator = Release|iPhoneSimulator
		Release|x64 = Release|x64
		Release|x86 = Release|x86
	EndGlobalSection
	GlobalSection(ProjectConfigurationPlatforms) = postSolution
		{1D336F28-CACC-4A80-9E1D-4877690CF05F}.Ad-Hoc|Any CPU.ActiveCfg = Release|Any CPU
		{1D336F28-CACC-4A80-9E1D-4877690CF05F}.Ad-Hoc|Any CPU.Build.0 = Release|Any CPU
		{1D336F28-CACC-4A80-9E1D-4877690CF05F}.Ad-Hoc|Any CPU.Deploy.0 = Release|Any CPU
		{1D336F28-CACC-4A80-9E1D-4877690CF05F}.Ad-Hoc|ARM.ActiveCfg = Release|Any CPU
		{1D336F28-CACC-4A80-9E1D-4877690CF05F}.Ad-Hoc|ARM.Build.0 = Release|Any CPU
		{1D336F28-CACC-4A80-9E1D-4877690CF05F}.Ad-Hoc|ARM.Deploy.0 = Release|Any CPU
		{1D336F28-CACC-4A80-9E1D-4877690CF05F}.Ad-Hoc|iPhone.ActiveCfg = Release|Any CPU
		{1D336F28-CACC-4A80-9E1D-4877690CF05F}.Ad-Hoc|iPhone.Build.0 = Release|Any CPU
		{1D336F28-CACC-4A80-9E1D-4877690CF05F}.Ad-Hoc|iPhone.Deploy.0 = Release|Any CPU
		{1D336F28-CACC-4A80-9E1D-4877690CF05F}.Ad-Hoc|iPhoneSimulator.ActiveCfg = Release|Any CPU
		{1D336F28-CACC-4A80-9E1D-4877690CF05F}.Ad-Hoc|iPhoneSimulator.Build.0 = Release|Any CPU
		{1D336F28-CACC-4A80-9E1D-4877690CF05F}.Ad-Hoc|iPhoneSimulator.Deploy.0 = Release|Any CPU
		{1D336F28-CACC-4A80-9E1D-4877690CF05F}.Ad-Hoc|x64.ActiveCfg = Release|Any CPU
		{1D336F28-CACC-4A80-9E1D-4877690CF05F}.Ad-Hoc|x64.Build.0 = Release|Any CPU
		{1D336F28-CACC-4A80-9E1D-4877690CF05F}.Ad-Hoc|x64.Deploy.0 = Release|Any CPU
		{1D336F28-CACC-4A80-9E1D-4877690CF05F}.Ad-Hoc|x86.ActiveCfg = Release|Any CPU
		{1D336F28-CACC-4A80-9E1D-4877690CF05F}.Ad-Hoc|x86.Build.0 = Release|Any CPU
		{1D336F28-CACC-4A80-9E1D-4877690CF05F}.Ad-Hoc|x86.Deploy.0 = Release|Any CPU
		{1D336F28-CACC-4A80-9E1D-4877690CF05F}.AppStore|Any CPU.ActiveCfg = Release|Any CPU
		{1D336F28-CACC-4A80-9E1D-4877690CF05F}.AppStore|Any CPU.Build.0 = Release|Any CPU
		{1D336F28-CACC-4A80-9E1D-4877690CF05F}.AppStore|Any CPU.Deploy.0 = Release|Any CPU
		{1D336F28-CACC-4A80-9E1D-4877690CF05F}.AppStore|ARM.ActiveCfg = Release|Any CPU
		{1D336F28-CACC-4A80-9E1D-4877690CF05F}.AppStore|ARM.Build.0 = Release|Any CPU
		{1D336F28-CACC-4A80-9E1D-4877690CF05F}.AppStore|ARM.Deploy.0 = Release|Any CPU
		{1D336F28-CACC-4A80-9E1D-4877690CF05F}.AppStore|iPhone.ActiveCfg = Release|Any CPU
		{1D336F28-CACC-4A80-9E1D-4877690CF05F}.AppStore|iPhone.Build.0 = Release|Any CPU
		{1D336F28-CACC-4A80-9E1D-4877690CF05F}.AppStore|iPhone.Deploy.0 = Release|Any CPU
		{1D336F28-CACC-4A80-9E1D-4877690CF05F}.AppStore|iPhoneSimulator.ActiveCfg = Release|Any CPU
		{1D336F28-CACC-4A80-9E1D-4877690CF05F}.AppStore|iPhoneSimulator.Build.0 = Release|Any CPU
		{1D336F28-CACC-4A80-9E1D-4877690CF05F}.AppStore|iPhoneSimulator.Deploy.0 = Release|Any CPU
		{1D336F28-CACC-4A80-9E1D-4877690CF05F}.AppStore|x64.ActiveCfg = Release|Any CPU
		{1D336F28-CACC-4A80-9E1D-4877690CF05F}.AppStore|x64.Build.0 = Release|Any CPU
		{1D336F28-CACC-4A80-9E1D-4877690CF05F}.AppStore|x64.Deploy.0 = Release|Any CPU
		{1D336F28-CACC-4A80-9E1D-4877690CF05F}.AppStore|x86.ActiveCfg = Release|Any CPU
		{1D336F28-CACC-4A80-9E1D-4877690CF05F}.AppStore|x86.Build.0 = Release|Any CPU
		{1D336F28-CACC-4A80-9E1D-4877690CF05F}.AppStore|x86.Deploy.0 = Release|Any CPU
		{1D336F28-CACC-4A80-9E1D-4877690CF05F}.Debug|Any CPU.ActiveCfg = Debug|Any CPU
		{1D336F28-CACC-4A80-9E1D-4877690CF05F}.Debug|Any CPU.Build.0 = Debug|Any CPU
		{1D336F28-CACC-4A80-9E1D-4877690CF05F}.Debug|Any CPU.Deploy.0 = Debug|Any CPU
		{1D336F28-CACC-4A80-9E1D-4877690CF05F}.Debug|ARM.ActiveCfg = Debug|Any CPU
		{1D336F28-CACC-4A80-9E1D-4877690CF05F}.Debug|ARM.Build.0 = Debug|Any CPU
		{1D336F28-CACC-4A80-9E1D-4877690CF05F}.Debug|ARM.Deploy.0 = Debug|Any CPU
		{1D336F28-CACC-4A80-9E1D-4877690CF05F}.Debug|iPhone.ActiveCfg = Debug|Any CPU
		{1D336F28-CACC-4A80-9E1D-4877690CF05F}.Debug|iPhone.Build.0 = Debug|Any CPU
		{1D336F28-CACC-4A80-9E1D-4877690CF05F}.Debug|iPhone.Deploy.0 = Debug|Any CPU
		{1D336F28-CACC-4A80-9E1D-4877690CF05F}.Debug|iPhoneSimulator.ActiveCfg = Debug|Any CPU
		{1D336F28-CACC-4A80-9E1D-4877690CF05F}.Debug|iPhoneSimulator.Build.0 = Debug|Any CPU
		{1D336F28-CACC-4A80-9E1D-4877690CF05F}.Debug|iPhoneSimulator.Deploy.0 = Debug|Any CPU
		{1D336F28-CACC-4A80-9E1D-4877690CF05F}.Debug|x64.ActiveCfg = Debug|Any CPU
		{1D336F28-CACC-4A80-9E1D-4877690CF05F}.Debug|x64.Build.0 = Debug|Any CPU
		{1D336F28-CACC-4A80-9E1D-4877690CF05F}.Debug|x64.Deploy.0 = Debug|Any CPU
		{1D336F28-CACC-4A80-9E1D-4877690CF05F}.Debug|x86.ActiveCfg = Debug|Any CPU
		{1D336F28-CACC-4A80-9E1D-4877690CF05F}.Debug|x86.Build.0 = Debug|Any CPU
		{1D336F28-CACC-4A80-9E1D-4877690CF05F}.Debug|x86.Deploy.0 = Debug|Any CPU
		{1D336F28-CACC-4A80-9E1D-4877690CF05F}.Release|Any CPU.ActiveCfg = Release|Any CPU
		{1D336F28-CACC-4A80-9E1D-4877690CF05F}.Release|Any CPU.Build.0 = Release|Any CPU
		{1D336F28-CACC-4A80-9E1D-4877690CF05F}.Release|Any CPU.Deploy.0 = Release|Any CPU
		{1D336F28-CACC-4A80-9E1D-4877690CF05F}.Release|ARM.ActiveCfg = Release|Any CPU
		{1D336F28-CACC-4A80-9E1D-4877690CF05F}.Release|ARM.Build.0 = Release|Any CPU
		{1D336F28-CACC-4A80-9E1D-4877690CF05F}.Release|ARM.Deploy.0 = Release|Any CPU
		{1D336F28-CACC-4A80-9E1D-4877690CF05F}.Release|iPhone.ActiveCfg = Release|Any CPU
		{1D336F28-CACC-4A80-9E1D-4877690CF05F}.Release|iPhone.Build.0 = Release|Any CPU
		{1D336F28-CACC-4A80-9E1D-4877690CF05F}.Release|iPhone.Deploy.0 = Release|Any CPU
		{1D336F28-CACC-4A80-9E1D-4877690CF05F}.Release|iPhoneSimulator.ActiveCfg = Release|Any CPU
		{1D336F28-CACC-4A80-9E1D-4877690CF05F}.Release|iPhoneSimulator.Build.0 = Release|Any CPU
		{1D336F28-CACC-4A80-9E1D-4877690CF05F}.Release|iPhoneSimulator.Deploy.0 = Release|Any CPU
		{1D336F28-CACC-4A80-9E1D-4877690CF05F}.Release|x64.ActiveCfg = Release|Any CPU
		{1D336F28-CACC-4A80-9E1D-4877690CF05F}.Release|x64.Build.0 = Release|Any CPU
		{1D336F28-CACC-4A80-9E1D-4877690CF05F}.Release|x64.Deploy.0 = Release|Any CPU
		{1D336F28-CACC-4A80-9E1D-4877690CF05F}.Release|x86.ActiveCfg = Release|Any CPU
		{1D336F28-CACC-4A80-9E1D-4877690CF05F}.Release|x86.Build.0 = Release|Any CPU
		{1D336F28-CACC-4A80-9E1D-4877690CF05F}.Release|x86.Deploy.0 = Release|Any CPU
		{4585ED3F-11B7-454C-8CDB-52B30CC4C6DD}.Ad-Hoc|Any CPU.ActiveCfg = Release|Any CPU
		{4585ED3F-11B7-454C-8CDB-52B30CC4C6DD}.Ad-Hoc|Any CPU.Build.0 = Release|Any CPU
		{4585ED3F-11B7-454C-8CDB-52B30CC4C6DD}.Ad-Hoc|ARM.ActiveCfg = Release|Any CPU
		{4585ED3F-11B7-454C-8CDB-52B30CC4C6DD}.Ad-Hoc|ARM.Build.0 = Release|Any CPU
		{4585ED3F-11B7-454C-8CDB-52B30CC4C6DD}.Ad-Hoc|iPhone.ActiveCfg = Release|Any CPU
		{4585ED3F-11B7-454C-8CDB-52B30CC4C6DD}.Ad-Hoc|iPhone.Build.0 = Release|Any CPU
		{4585ED3F-11B7-454C-8CDB-52B30CC4C6DD}.Ad-Hoc|iPhoneSimulator.ActiveCfg = Release|Any CPU
		{4585ED3F-11B7-454C-8CDB-52B30CC4C6DD}.Ad-Hoc|iPhoneSimulator.Build.0 = Release|Any CPU
		{4585ED3F-11B7-454C-8CDB-52B30CC4C6DD}.Ad-Hoc|x64.ActiveCfg = Release|Any CPU
		{4585ED3F-11B7-454C-8CDB-52B30CC4C6DD}.Ad-Hoc|x64.Build.0 = Release|Any CPU
		{4585ED3F-11B7-454C-8CDB-52B30CC4C6DD}.Ad-Hoc|x86.ActiveCfg = Release|Any CPU
		{4585ED3F-11B7-454C-8CDB-52B30CC4C6DD}.Ad-Hoc|x86.Build.0 = Release|Any CPU
		{4585ED3F-11B7-454C-8CDB-52B30CC4C6DD}.AppStore|Any CPU.ActiveCfg = Release|Any CPU
		{4585ED3F-11B7-454C-8CDB-52B30CC4C6DD}.AppStore|Any CPU.Build.0 = Release|Any CPU
		{4585ED3F-11B7-454C-8CDB-52B30CC4C6DD}.AppStore|ARM.ActiveCfg = Release|Any CPU
		{4585ED3F-11B7-454C-8CDB-52B30CC4C6DD}.AppStore|ARM.Build.0 = Release|Any CPU
		{4585ED3F-11B7-454C-8CDB-52B30CC4C6DD}.AppStore|iPhone.ActiveCfg = Release|Any CPU
		{4585ED3F-11B7-454C-8CDB-52B30CC4C6DD}.AppStore|iPhone.Build.0 = Release|Any CPU
		{4585ED3F-11B7-454C-8CDB-52B30CC4C6DD}.AppStore|iPhoneSimulator.ActiveCfg = Release|Any CPU
		{4585ED3F-11B7-454C-8CDB-52B30CC4C6DD}.AppStore|iPhoneSimulator.Build.0 = Release|Any CPU
		{4585ED3F-11B7-454C-8CDB-52B30CC4C6DD}.AppStore|x64.ActiveCfg = Release|Any CPU
		{4585ED3F-11B7-454C-8CDB-52B30CC4C6DD}.AppStore|x64.Build.0 = Release|Any CPU
		{4585ED3F-11B7-454C-8CDB-52B30CC4C6DD}.AppStore|x86.ActiveCfg = Release|Any CPU
		{4585ED3F-11B7-454C-8CDB-52B30CC4C6DD}.AppStore|x86.Build.0 = Release|Any CPU
		{4585ED3F-11B7-454C-8CDB-52B30CC4C6DD}.Debug|Any CPU.ActiveCfg = Debug|Any CPU
		{4585ED3F-11B7-454C-8CDB-52B30CC4C6DD}.Debug|Any CPU.Build.0 = Debug|Any CPU
		{4585ED3F-11B7-454C-8CDB-52B30CC4C6DD}.Debug|ARM.ActiveCfg = Debug|Any CPU
		{4585ED3F-11B7-454C-8CDB-52B30CC4C6DD}.Debug|ARM.Build.0 = Debug|Any CPU
		{4585ED3F-11B7-454C-8CDB-52B30CC4C6DD}.Debug|iPhone.ActiveCfg = Debug|Any CPU
		{4585ED3F-11B7-454C-8CDB-52B30CC4C6DD}.Debug|iPhone.Build.0 = Debug|Any CPU
		{4585ED3F-11B7-454C-8CDB-52B30CC4C6DD}.Debug|iPhoneSimulator.ActiveCfg = Debug|Any CPU
		{4585ED3F-11B7-454C-8CDB-52B30CC4C6DD}.Debug|iPhoneSimulator.Build.0 = Debug|Any CPU
		{4585ED3F-11B7-454C-8CDB-52B30CC4C6DD}.Debug|x64.ActiveCfg = Debug|Any CPU
		{4585ED3F-11B7-454C-8CDB-52B30CC4C6DD}.Debug|x64.Build.0 = Debug|Any CPU
		{4585ED3F-11B7-454C-8CDB-52B30CC4C6DD}.Debug|x86.ActiveCfg = Debug|Any CPU
		{4585ED3F-11B7-454C-8CDB-52B30CC4C6DD}.Debug|x86.Build.0 = Debug|Any CPU
		{4585ED3F-11B7-454C-8CDB-52B30CC4C6DD}.Release|Any CPU.ActiveCfg = Release|Any CPU
		{4585ED3F-11B7-454C-8CDB-52B30CC4C6DD}.Release|Any CPU.Build.0 = Release|Any CPU
		{4585ED3F-11B7-454C-8CDB-52B30CC4C6DD}.Release|ARM.ActiveCfg = Release|Any CPU
		{4585ED3F-11B7-454C-8CDB-52B30CC4C6DD}.Release|ARM.Build.0 = Release|Any CPU
		{4585ED3F-11B7-454C-8CDB-52B30CC4C6DD}.Release|iPhone.ActiveCfg = Release|Any CPU
		{4585ED3F-11B7-454C-8CDB-52B30CC4C6DD}.Release|iPhone.Build.0 = Release|Any CPU
		{4585ED3F-11B7-454C-8CDB-52B30CC4C6DD}.Release|iPhoneSimulator.ActiveCfg = Release|Any CPU
		{4585ED3F-11B7-454C-8CDB-52B30CC4C6DD}.Release|iPhoneSimulator.Build.0 = Release|Any CPU
		{4585ED3F-11B7-454C-8CDB-52B30CC4C6DD}.Release|x64.ActiveCfg = Release|Any CPU
		{4585ED3F-11B7-454C-8CDB-52B30CC4C6DD}.Release|x64.Build.0 = Release|Any CPU
		{4585ED3F-11B7-454C-8CDB-52B30CC4C6DD}.Release|x86.ActiveCfg = Release|Any CPU
		{4585ED3F-11B7-454C-8CDB-52B30CC4C6DD}.Release|x86.Build.0 = Release|Any CPU
		{0B80030A-FAFE-4938-80F5-F0475A65ABBC}.Ad-Hoc|Any CPU.ActiveCfg = Release|x86
		{0B80030A-FAFE-4938-80F5-F0475A65ABBC}.Ad-Hoc|Any CPU.Build.0 = Release|x86
		{0B80030A-FAFE-4938-80F5-F0475A65ABBC}.Ad-Hoc|Any CPU.Deploy.0 = Release|x86
		{0B80030A-FAFE-4938-80F5-F0475A65ABBC}.Ad-Hoc|ARM.ActiveCfg = Release|ARM
		{0B80030A-FAFE-4938-80F5-F0475A65ABBC}.Ad-Hoc|ARM.Build.0 = Release|ARM
		{0B80030A-FAFE-4938-80F5-F0475A65ABBC}.Ad-Hoc|ARM.Deploy.0 = Release|ARM
		{0B80030A-FAFE-4938-80F5-F0475A65ABBC}.Ad-Hoc|iPhone.ActiveCfg = Release|x86
		{0B80030A-FAFE-4938-80F5-F0475A65ABBC}.Ad-Hoc|iPhone.Build.0 = Release|x86
		{0B80030A-FAFE-4938-80F5-F0475A65ABBC}.Ad-Hoc|iPhone.Deploy.0 = Release|x86
		{0B80030A-FAFE-4938-80F5-F0475A65ABBC}.Ad-Hoc|iPhoneSimulator.ActiveCfg = Release|x86
		{0B80030A-FAFE-4938-80F5-F0475A65ABBC}.Ad-Hoc|iPhoneSimulator.Build.0 = Release|x86
		{0B80030A-FAFE-4938-80F5-F0475A65ABBC}.Ad-Hoc|iPhoneSimulator.Deploy.0 = Release|x86
		{0B80030A-FAFE-4938-80F5-F0475A65ABBC}.Ad-Hoc|x64.ActiveCfg = Release|x64
		{0B80030A-FAFE-4938-80F5-F0475A65ABBC}.Ad-Hoc|x64.Build.0 = Release|x64
		{0B80030A-FAFE-4938-80F5-F0475A65ABBC}.Ad-Hoc|x64.Deploy.0 = Release|x64
		{0B80030A-FAFE-4938-80F5-F0475A65ABBC}.Ad-Hoc|x86.ActiveCfg = Release|x86
		{0B80030A-FAFE-4938-80F5-F0475A65ABBC}.Ad-Hoc|x86.Build.0 = Release|x86
		{0B80030A-FAFE-4938-80F5-F0475A65ABBC}.Ad-Hoc|x86.Deploy.0 = Release|x86
		{0B80030A-FAFE-4938-80F5-F0475A65ABBC}.AppStore|Any CPU.ActiveCfg = Release|x86
		{0B80030A-FAFE-4938-80F5-F0475A65ABBC}.AppStore|Any CPU.Build.0 = Release|x86
		{0B80030A-FAFE-4938-80F5-F0475A65ABBC}.AppStore|Any CPU.Deploy.0 = Release|x86
		{0B80030A-FAFE-4938-80F5-F0475A65ABBC}.AppStore|ARM.ActiveCfg = Release|ARM
		{0B80030A-FAFE-4938-80F5-F0475A65ABBC}.AppStore|ARM.Build.0 = Release|ARM
		{0B80030A-FAFE-4938-80F5-F0475A65ABBC}.AppStore|ARM.Deploy.0 = Release|ARM
		{0B80030A-FAFE-4938-80F5-F0475A65ABBC}.AppStore|iPhone.ActiveCfg = Release|x86
		{0B80030A-FAFE-4938-80F5-F0475A65ABBC}.AppStore|iPhone.Build.0 = Release|x86
		{0B80030A-FAFE-4938-80F5-F0475A65ABBC}.AppStore|iPhone.Deploy.0 = Release|x86
		{0B80030A-FAFE-4938-80F5-F0475A65ABBC}.AppStore|iPhoneSimulator.ActiveCfg = Release|x86
		{0B80030A-FAFE-4938-80F5-F0475A65ABBC}.AppStore|iPhoneSimulator.Build.0 = Release|x86
		{0B80030A-FAFE-4938-80F5-F0475A65ABBC}.AppStore|iPhoneSimulator.Deploy.0 = Release|x86
		{0B80030A-FAFE-4938-80F5-F0475A65ABBC}.AppStore|x64.ActiveCfg = Release|x64
		{0B80030A-FAFE-4938-80F5-F0475A65ABBC}.AppStore|x64.Build.0 = Release|x64
		{0B80030A-FAFE-4938-80F5-F0475A65ABBC}.AppStore|x64.Deploy.0 = Release|x64
		{0B80030A-FAFE-4938-80F5-F0475A65ABBC}.AppStore|x86.ActiveCfg = Release|x86
		{0B80030A-FAFE-4938-80F5-F0475A65ABBC}.AppStore|x86.Build.0 = Release|x86
		{0B80030A-FAFE-4938-80F5-F0475A65ABBC}.AppStore|x86.Deploy.0 = Release|x86
		{0B80030A-FAFE-4938-80F5-F0475A65ABBC}.Debug|Any CPU.ActiveCfg = Debug|x86
		{0B80030A-FAFE-4938-80F5-F0475A65ABBC}.Debug|ARM.ActiveCfg = Debug|ARM
		{0B80030A-FAFE-4938-80F5-F0475A65ABBC}.Debug|ARM.Build.0 = Debug|ARM
		{0B80030A-FAFE-4938-80F5-F0475A65ABBC}.Debug|ARM.Deploy.0 = Debug|ARM
		{0B80030A-FAFE-4938-80F5-F0475A65ABBC}.Debug|iPhone.ActiveCfg = Debug|x86
		{0B80030A-FAFE-4938-80F5-F0475A65ABBC}.Debug|iPhoneSimulator.ActiveCfg = Debug|x86
		{0B80030A-FAFE-4938-80F5-F0475A65ABBC}.Debug|x64.ActiveCfg = Debug|x64
		{0B80030A-FAFE-4938-80F5-F0475A65ABBC}.Debug|x64.Build.0 = Debug|x64
		{0B80030A-FAFE-4938-80F5-F0475A65ABBC}.Debug|x64.Deploy.0 = Debug|x64
		{0B80030A-FAFE-4938-80F5-F0475A65ABBC}.Debug|x86.ActiveCfg = Debug|x86
		{0B80030A-FAFE-4938-80F5-F0475A65ABBC}.Debug|x86.Build.0 = Debug|x86
		{0B80030A-FAFE-4938-80F5-F0475A65ABBC}.Debug|x86.Deploy.0 = Debug|x86
		{0B80030A-FAFE-4938-80F5-F0475A65ABBC}.Release|Any CPU.ActiveCfg = Release|x86
		{0B80030A-FAFE-4938-80F5-F0475A65ABBC}.Release|ARM.ActiveCfg = Release|ARM
		{0B80030A-FAFE-4938-80F5-F0475A65ABBC}.Release|ARM.Build.0 = Release|ARM
		{0B80030A-FAFE-4938-80F5-F0475A65ABBC}.Release|ARM.Deploy.0 = Release|ARM
		{0B80030A-FAFE-4938-80F5-F0475A65ABBC}.Release|iPhone.ActiveCfg = Release|x86
		{0B80030A-FAFE-4938-80F5-F0475A65ABBC}.Release|iPhoneSimulator.ActiveCfg = Release|x86
		{0B80030A-FAFE-4938-80F5-F0475A65ABBC}.Release|x64.ActiveCfg = Release|x64
		{0B80030A-FAFE-4938-80F5-F0475A65ABBC}.Release|x64.Build.0 = Release|x64
		{0B80030A-FAFE-4938-80F5-F0475A65ABBC}.Release|x64.Deploy.0 = Release|x64
		{0B80030A-FAFE-4938-80F5-F0475A65ABBC}.Release|x86.ActiveCfg = Release|x86
		{0B80030A-FAFE-4938-80F5-F0475A65ABBC}.Release|x86.Build.0 = Release|x86
		{0B80030A-FAFE-4938-80F5-F0475A65ABBC}.Release|x86.Deploy.0 = Release|x86
		{50202C05-1561-4C28-BEB9-6C4A09D48397}.Ad-Hoc|Any CPU.ActiveCfg = Ad-Hoc|iPhone
		{50202C05-1561-4C28-BEB9-6C4A09D48397}.Ad-Hoc|ARM.ActiveCfg = Ad-Hoc|iPhone
		{50202C05-1561-4C28-BEB9-6C4A09D48397}.Ad-Hoc|iPhone.ActiveCfg = Ad-Hoc|iPhone
		{50202C05-1561-4C28-BEB9-6C4A09D48397}.Ad-Hoc|iPhone.Build.0 = Ad-Hoc|iPhone
		{50202C05-1561-4C28-BEB9-6C4A09D48397}.Ad-Hoc|iPhoneSimulator.ActiveCfg = Ad-Hoc|iPhoneSimulator
		{50202C05-1561-4C28-BEB9-6C4A09D48397}.Ad-Hoc|iPhoneSimulator.Build.0 = Ad-Hoc|iPhoneSimulator
		{50202C05-1561-4C28-BEB9-6C4A09D48397}.Ad-Hoc|x64.ActiveCfg = Ad-Hoc|iPhone
		{50202C05-1561-4C28-BEB9-6C4A09D48397}.Ad-Hoc|x86.ActiveCfg = Ad-Hoc|iPhone
		{50202C05-1561-4C28-BEB9-6C4A09D48397}.AppStore|Any CPU.ActiveCfg = AppStore|iPhone
		{50202C05-1561-4C28-BEB9-6C4A09D48397}.AppStore|ARM.ActiveCfg = AppStore|iPhone
		{50202C05-1561-4C28-BEB9-6C4A09D48397}.AppStore|iPhone.ActiveCfg = AppStore|iPhone
		{50202C05-1561-4C28-BEB9-6C4A09D48397}.AppStore|iPhone.Build.0 = AppStore|iPhone
		{50202C05-1561-4C28-BEB9-6C4A09D48397}.AppStore|iPhoneSimulator.ActiveCfg = AppStore|iPhoneSimulator
		{50202C05-1561-4C28-BEB9-6C4A09D48397}.AppStore|iPhoneSimulator.Build.0 = AppStore|iPhoneSimulator
		{50202C05-1561-4C28-BEB9-6C4A09D48397}.AppStore|x64.ActiveCfg = AppStore|iPhone
		{50202C05-1561-4C28-BEB9-6C4A09D48397}.AppStore|x86.ActiveCfg = AppStore|iPhone
		{50202C05-1561-4C28-BEB9-6C4A09D48397}.Debug|Any CPU.ActiveCfg = Debug|iPhone
		{50202C05-1561-4C28-BEB9-6C4A09D48397}.Debug|ARM.ActiveCfg = Debug|iPhone
		{50202C05-1561-4C28-BEB9-6C4A09D48397}.Debug|iPhone.ActiveCfg = Debug|iPhone
		{50202C05-1561-4C28-BEB9-6C4A09D48397}.Debug|iPhone.Build.0 = Debug|iPhone
		{50202C05-1561-4C28-BEB9-6C4A09D48397}.Debug|iPhoneSimulator.ActiveCfg = Debug|iPhoneSimulator
		{50202C05-1561-4C28-BEB9-6C4A09D48397}.Debug|iPhoneSimulator.Build.0 = Debug|iPhoneSimulator
		{50202C05-1561-4C28-BEB9-6C4A09D48397}.Debug|x64.ActiveCfg = Debug|iPhone
		{50202C05-1561-4C28-BEB9-6C4A09D48397}.Debug|x86.ActiveCfg = Debug|iPhone
		{50202C05-1561-4C28-BEB9-6C4A09D48397}.Release|Any CPU.ActiveCfg = Release|iPhone
		{50202C05-1561-4C28-BEB9-6C4A09D48397}.Release|ARM.ActiveCfg = Release|iPhone
		{50202C05-1561-4C28-BEB9-6C4A09D48397}.Release|iPhone.ActiveCfg = Release|iPhone
		{50202C05-1561-4C28-BEB9-6C4A09D48397}.Release|iPhone.Build.0 = Release|iPhone
		{50202C05-1561-4C28-BEB9-6C4A09D48397}.Release|iPhoneSimulator.ActiveCfg = Release|iPhoneSimulator
		{50202C05-1561-4C28-BEB9-6C4A09D48397}.Release|iPhoneSimulator.Build.0 = Release|iPhoneSimulator
		{50202C05-1561-4C28-BEB9-6C4A09D48397}.Release|x64.ActiveCfg = Release|iPhone
		{50202C05-1561-4C28-BEB9-6C4A09D48397}.Release|x86.ActiveCfg = Release|iPhone
	EndGlobalSection
	GlobalSection(SolutionProperties) = preSolution
		HideSolutionNode = FALSE
	EndGlobalSection
EndGlobal
